name: update-flake-lock
on:
  schedule:
    - cron: '0 0 1 * *' # Run monthly
  push:
      tags-ignore:
        - '**'
      paths:
        - 'flake.nix'
jobs:
  lockfile:
    runs-on: ubuntu-latest
    steps:
      - uses: actions/checkout@v5
      - uses: cachix/install-nix-action@v27
        with:
          extra_nix_config: |
            access-tokens = github.com=${{ secrets.GITHUB_TOKEN }}
      - uses: DeterminateSystems/update-flake-lock@v21
